
Microsoft Visual Studio Solution File, Format Version 12.00
# Visual Studio Version 17
VisualStudioVersion = 17.9.34728.123
MinimumVisualStudioVersion = 10.0.40219.1
Project("{9A19103F-16F7-4668-BE54-9A1E7A4F7556}") = "TemTrampo", "TemTrampo.csproj", "{0D71881B-6B63-4E1D-A370-335C8E37ACF0}"
EndProject
Global
	GlobalSection(SolutionConfigurationPlatforms) = preSolution
		Debug|Any CPU = Debug|Any CPU
		Release|Any CPU = Release|Any CPU
	EndGlobalSection
	GlobalSection(ProjectConfigurationPlatforms) = postSolution
		{0D71881B-6B63-4E1D-A370-335C8E37ACF0}.Debug|Any CPU.ActiveCfg = Debug|Any CPU
		{0D71881B-6B63-4E1D-A370-335C8E37ACF0}.Debug|Any CPU.Build.0 = Debug|Any CPU
		{0D71881B-6B63-4E1D-A370-335C8E37ACF0}.Release|Any CPU.ActiveCfg = Release|Any CPU
		{0D71881B-6B63-4E1D-A370-335C8E37ACF0}.Release|Any CPU.Build.0 = Release|Any CPU
	EndGlobalSection
	GlobalSection(SolutionProperties) = preSolution
		HideSolutionNode = FALSE
	EndGlobalSection
	GlobalSection(ExtensibilityGlobals) = postSolution
		SolutionGuid = {16E17818-DB36-4787-9BC2-2EE935657075}
	EndGlobalSection
EndGlobal
